
Microsoft Visual Studio Solution File, Format Version 12.00
# Visual Studio 14
VisualStudioVersion = 14.0.24720.0
MinimumVisualStudioVersion = 10.0.40219.1
Project("{FAE04EC0-301F-11D3-BF4B-00C04F79EFBC}") = "app1", "app1\app1.csproj", "{6BEEED17-188E-4DB6-A871-80671DFAE0AE}"
EndProject
Project("{FAE04EC0-301F-11D3-BF4B-00C04F79EFBC}") = "WpfApplication1", "WpfApplication1\WpfApplication1.csproj", "{0719C27B-4623-499A-B536-6F0BC6658506}"
EndProject
Project("{FAE04EC0-301F-11D3-BF4B-00C04F79EFBC}") = "ConsoleApplication1", "ConsoleApplication1\ConsoleApplication1.csproj", "{C1B6A02E-78B8-48EF-A428-3B1460CADACD}"
EndProject
Global
	GlobalSection(SolutionConfigurationPlatforms) = preSolution
		Debug|Any CPU = Debug|Any CPU
		Release|Any CPU = Release|Any CPU
	EndGlobalSection
	GlobalSection(ProjectConfigurationPlatforms) = postSolution
		{6BEEED17-188E-4DB6-A871-80671DFAE0AE}.Debug|Any CPU.ActiveCfg = Debug|Any CPU
		{6BEEED17-188E-4DB6-A871-80671DFAE0AE}.Debug|Any CPU.Build.0 = Debug|Any CPU
		{6BEEED17-188E-4DB6-A871-80671DFAE0AE}.Release|Any CPU.ActiveCfg = Release|Any CPU
		{6BEEED17-188E-4DB6-A871-80671DFAE0AE}.Release|Any CPU.Build.0 = Release|Any CPU
		{0719C27B-4623-499A-B536-6F0BC6658506}.Debug|Any CPU.ActiveCfg = Debug|Any CPU
		{0719C27B-4623-499A-B536-6F0BC6658506}.Debug|Any CPU.Build.0 = Debug|Any CPU
		{0719C27B-4623-499A-B536-6F0BC6658506}.Release|Any CPU.ActiveCfg = Release|Any CPU
		{0719C27B-4623-499A-B536-6F0BC6658506}.Release|Any CPU.Build.0 = Release|Any CPU
		{C1B6A02E-78B8-48EF-A428-3B1460CADACD}.Debug|Any CPU.ActiveCfg = Debug|Any CPU
		{C1B6A02E-78B8-48EF-A428-3B1460CADACD}.Debug|Any CPU.Build.0 = Debug|Any CPU
		{C1B6A02E-78B8-48EF-A428-3B1460CADACD}.Release|Any CPU.ActiveCfg = Release|Any CPU
		{C1B6A02E-78B8-48EF-A428-3B1460CADACD}.Release|Any CPU.Build.0 = Release|Any CPU
	EndGlobalSection
	GlobalSection(SolutionProperties) = preSolution
		HideSolutionNode = FALSE
	EndGlobalSection
EndGlobal
